
Microsoft Visual Studio Solution File, Format Version 12.00
# Visual Studio Version 16
VisualStudioVersion = 16.0.29613.14
MinimumVisualStudioVersion = 10.0.40219.1
Project("{2150E333-8FDC-42A3-9474-1A3956D46DE8}") = "src", "src", "{E6DF7E62-F883-4E8B-A27B-58AF00751705}"
EndProject
Project("{2150E333-8FDC-42A3-9474-1A3956D46DE8}") = "Infra", "Infra", "{6EB1CD32-56B3-4986-9C07-BA9539D4E6C4}"
EndProject
Project("{2150E333-8FDC-42A3-9474-1A3956D46DE8}") = "Services", "Services", "{1D7C8799-C255-4ACD-9D88-19D49ECD8CC1}"
EndProject
Project("{FAE04EC0-301F-11D3-BF4B-00C04F79EFBC}") = "DsLine.Catalogs.Services", "DsLine.Catalogs.Services\DsLine.Catalogs.Services.csproj", "{6AFB1EBA-A5C2-4629-8B80-A6A8E03225D2}"
EndProject
Project("{FAE04EC0-301F-11D3-BF4B-00C04F79EFBC}") = "DsLine.Catalogs.Services.Api", "DsLine.Catalogs.Services.Api\DsLine.Catalogs.Services.Api.csproj", "{78CCA9FE-ACE9-4255-A25C-C5FAC12C661D}"
EndProject
Global
	GlobalSection(SolutionConfigurationPlatforms) = preSolution
		Debug|Any CPU = Debug|Any CPU
		Release|Any CPU = Release|Any CPU
	EndGlobalSection
	GlobalSection(ProjectConfigurationPlatforms) = postSolution
		{6AFB1EBA-A5C2-4629-8B80-A6A8E03225D2}.Debug|Any CPU.ActiveCfg = Debug|Any CPU
		{6AFB1EBA-A5C2-4629-8B80-A6A8E03225D2}.Debug|Any CPU.Build.0 = Debug|Any CPU
		{6AFB1EBA-A5C2-4629-8B80-A6A8E03225D2}.Release|Any CPU.ActiveCfg = Release|Any CPU
		{6AFB1EBA-A5C2-4629-8B80-A6A8E03225D2}.Release|Any CPU.Build.0 = Release|Any CPU
		{78CCA9FE-ACE9-4255-A25C-C5FAC12C661D}.Debug|Any CPU.ActiveCfg = Debug|Any CPU
		{78CCA9FE-ACE9-4255-A25C-C5FAC12C661D}.Debug|Any CPU.Build.0 = Debug|Any CPU
		{78CCA9FE-ACE9-4255-A25C-C5FAC12C661D}.Release|Any CPU.ActiveCfg = Release|Any CPU
		{78CCA9FE-ACE9-4255-A25C-C5FAC12C661D}.Release|Any CPU.Build.0 = Release|Any CPU
	EndGlobalSection
	GlobalSection(SolutionProperties) = preSolution
		HideSolutionNode = FALSE
	EndGlobalSection
	GlobalSection(NestedProjects) = preSolution
		{6EB1CD32-56B3-4986-9C07-BA9539D4E6C4} = {E6DF7E62-F883-4E8B-A27B-58AF00751705}
		{1D7C8799-C255-4ACD-9D88-19D49ECD8CC1} = {E6DF7E62-F883-4E8B-A27B-58AF00751705}
		{6AFB1EBA-A5C2-4629-8B80-A6A8E03225D2} = {1D7C8799-C255-4ACD-9D88-19D49ECD8CC1}
		{78CCA9FE-ACE9-4255-A25C-C5FAC12C661D} = {1D7C8799-C255-4ACD-9D88-19D49ECD8CC1}
	EndGlobalSection
	GlobalSection(ExtensibilityGlobals) = postSolution
		SolutionGuid = {212E81D8-F4D1-46F2-92A6-B5147E870A54}
	EndGlobalSection
EndGlobal
